
Microsoft Visual Studio Solution File, Format Version 12.00
# Visual Studio Version 17
VisualStudioVersion = 17.12.35323.107
MinimumVisualStudioVersion = 10.0.40219.1
Project("{2150E333-8FDC-42A3-9474-1A3956D46DE8}") = "Services", "Services", "{B153B779-B651-44B8-9D4F-DB055EE5EB37}"
EndProject
Project("{2150E333-8FDC-42A3-9474-1A3956D46DE8}") = "Catalog", "Catalog", "{2B7971A3-B1F7-41F1-8AB3-7801A84E80EC}"
EndProject
Project("{FAE04EC0-301F-11D3-BF4B-00C04F79EFBC}") = "Catalog.API", "Services\Catalog\Catalog.API\Catalog.API.csproj", "{1491C74D-6044-4F50-867E-663DC9D5BF6C}"
EndProject
Project("{FAE04EC0-301F-11D3-BF4B-00C04F79EFBC}") = "Catalog.Application", "Services\Catalog\Catalog.Application\Catalog.Application.csproj", "{2B2909C5-812E-46E6-9672-13FCA2EE3EB9}"
EndProject
Project("{FAE04EC0-301F-11D3-BF4B-00C04F79EFBC}") = "Catalog.Core", "Services\Catalog\Catalog.Core\Catalog.Core.csproj", "{F8C5F0FC-9FC0-452C-A9A7-442233717A5C}"
EndProject
Project("{FAE04EC0-301F-11D3-BF4B-00C04F79EFBC}") = "Catalog.Infrastructure", "Services\Catalog\Catalog.Infrastructure\Catalog.Infrastructure.csproj", "{19BD5795-820A-402E-8AF2-933837FD360A}"
EndProject
Project("{E53339B2-1760-4266-BCC7-CA923CBCF16C}") = "docker-compose", "docker-compose.dcproj", "{FA7BA21F-AF39-4B57-B3C0-C2E760DDA56F}"
EndProject
Project("{2150E333-8FDC-42A3-9474-1A3956D46DE8}") = "Basket", "Basket", "{347E026F-C02D-4802-935C-CDE4D63C8CCA}"
EndProject
Project("{FAE04EC0-301F-11D3-BF4B-00C04F79EFBC}") = "Basket.API", "Services\Basket\Basket.API\Basket.API.csproj", "{349815BA-6611-4763-B95B-81C31D3794C2}"
EndProject
Project("{FAE04EC0-301F-11D3-BF4B-00C04F79EFBC}") = "Basket.Core", "Services\Basket\Basket.Core\Basket.Core.csproj", "{43671DD6-5E9C-4E21-8D2F-02C96E953D43}"
EndProject
Project("{FAE04EC0-301F-11D3-BF4B-00C04F79EFBC}") = "Basket.Infrastructure", "Services\Basket\Basket.Infrastructure\Basket.Infrastructure.csproj", "{2B942FCB-1166-4439-BECC-F15E21F4F8E0}"
EndProject
Project("{FAE04EC0-301F-11D3-BF4B-00C04F79EFBC}") = "Basket.Application", "Services\Basket\Basket.Application\Basket.Application.csproj", "{8FC1F766-1F6F-49A0-86A2-EB41A60008AB}"
EndProject
Project("{2150E333-8FDC-42A3-9474-1A3956D46DE8}") = "Discount", "Discount", "{CDDF3245-1B80-45B1-89DA-3509FDA242AB}"
EndProject
Project("{FAE04EC0-301F-11D3-BF4B-00C04F79EFBC}") = "Discount.Core", "Services\Discount\Discount.Core\Discount.Core.csproj", "{5CCEF4CE-AC54-45BB-956D-593400B3185C}"
EndProject
Project("{FAE04EC0-301F-11D3-BF4B-00C04F79EFBC}") = "Discount.Application", "Services\Discount\Discount.Application\Discount.Application.csproj", "{3CAA821A-48C9-4A70-90AF-E6DD4FFCF7CE}"
EndProject
Project("{FAE04EC0-301F-11D3-BF4B-00C04F79EFBC}") = "Discount.Infrastructure", "Services\Discount\Discount.Infrastructure\Discount.Infrastructure.csproj", "{41CAF106-DD92-497F-92C0-64B4546EB7E7}"
EndProject
Project("{FAE04EC0-301F-11D3-BF4B-00C04F79EFBC}") = "Discount.API", "Services\Discount\Discount.API\Discount.API.csproj", "{3CC7DBAA-40DA-4F0E-AD52-B6A29C77C264}"
EndProject
Global
	GlobalSection(SolutionConfigurationPlatforms) = preSolution
		Debug|Any CPU = Debug|Any CPU
		Release|Any CPU = Release|Any CPU
	EndGlobalSection
	GlobalSection(ProjectConfigurationPlatforms) = postSolution
		{1491C74D-6044-4F50-867E-663DC9D5BF6C}.Debug|Any CPU.ActiveCfg = Debug|Any CPU
		{1491C74D-6044-4F50-867E-663DC9D5BF6C}.Debug|Any CPU.Build.0 = Debug|Any CPU
		{1491C74D-6044-4F50-867E-663DC9D5BF6C}.Release|Any CPU.ActiveCfg = Release|Any CPU
		{1491C74D-6044-4F50-867E-663DC9D5BF6C}.Release|Any CPU.Build.0 = Release|Any CPU
		{2B2909C5-812E-46E6-9672-13FCA2EE3EB9}.Debug|Any CPU.ActiveCfg = Debug|Any CPU
		{2B2909C5-812E-46E6-9672-13FCA2EE3EB9}.Debug|Any CPU.Build.0 = Debug|Any CPU
		{2B2909C5-812E-46E6-9672-13FCA2EE3EB9}.Release|Any CPU.ActiveCfg = Release|Any CPU
		{2B2909C5-812E-46E6-9672-13FCA2EE3EB9}.Release|Any CPU.Build.0 = Release|Any CPU
		{F8C5F0FC-9FC0-452C-A9A7-442233717A5C}.Debug|Any CPU.ActiveCfg = Debug|Any CPU
		{F8C5F0FC-9FC0-452C-A9A7-442233717A5C}.Debug|Any CPU.Build.0 = Debug|Any CPU
		{F8C5F0FC-9FC0-452C-A9A7-442233717A5C}.Release|Any CPU.ActiveCfg = Release|Any CPU
		{F8C5F0FC-9FC0-452C-A9A7-442233717A5C}.Release|Any CPU.Build.0 = Release|Any CPU
		{19BD5795-820A-402E-8AF2-933837FD360A}.Debug|Any CPU.ActiveCfg = Debug|Any CPU
		{19BD5795-820A-402E-8AF2-933837FD360A}.Debug|Any CPU.Build.0 = Debug|Any CPU
		{19BD5795-820A-402E-8AF2-933837FD360A}.Release|Any CPU.ActiveCfg = Release|Any CPU
		{19BD5795-820A-402E-8AF2-933837FD360A}.Release|Any CPU.Build.0 = Release|Any CPU
		{FA7BA21F-AF39-4B57-B3C0-C2E760DDA56F}.Debug|Any CPU.ActiveCfg = Debug|Any CPU
		{FA7BA21F-AF39-4B57-B3C0-C2E760DDA56F}.Debug|Any CPU.Build.0 = Debug|Any CPU
		{FA7BA21F-AF39-4B57-B3C0-C2E760DDA56F}.Release|Any CPU.ActiveCfg = Release|Any CPU
		{FA7BA21F-AF39-4B57-B3C0-C2E760DDA56F}.Release|Any CPU.Build.0 = Release|Any CPU
		{349815BA-6611-4763-B95B-81C31D3794C2}.Debug|Any CPU.ActiveCfg = Debug|Any CPU
		{349815BA-6611-4763-B95B-81C31D3794C2}.Debug|Any CPU.Build.0 = Debug|Any CPU
		{349815BA-6611-4763-B95B-81C31D3794C2}.Release|Any CPU.ActiveCfg = Release|Any CPU
		{349815BA-6611-4763-B95B-81C31D3794C2}.Release|Any CPU.Build.0 = Release|Any CPU
		{43671DD6-5E9C-4E21-8D2F-02C96E953D43}.Debug|Any CPU.ActiveCfg = Debug|Any CPU
		{43671DD6-5E9C-4E21-8D2F-02C96E953D43}.Debug|Any CPU.Build.0 = Debug|Any CPU
		{43671DD6-5E9C-4E21-8D2F-02C96E953D43}.Release|Any CPU.ActiveCfg = Release|Any CPU
		{43671DD6-5E9C-4E21-8D2F-02C96E953D43}.Release|Any CPU.Build.0 = Release|Any CPU
		{2B942FCB-1166-4439-BECC-F15E21F4F8E0}.Debug|Any CPU.ActiveCfg = Debug|Any CPU
		{2B942FCB-1166-4439-BECC-F15E21F4F8E0}.Debug|Any CPU.Build.0 = Debug|Any CPU
		{2B942FCB-1166-4439-BECC-F15E21F4F8E0}.Release|Any CPU.ActiveCfg = Release|Any CPU
		{2B942FCB-1166-4439-BECC-F15E21F4F8E0}.Release|Any CPU.Build.0 = Release|Any CPU
		{8FC1F766-1F6F-49A0-86A2-EB41A60008AB}.Debug|Any CPU.ActiveCfg = Debug|Any CPU
		{8FC1F766-1F6F-49A0-86A2-EB41A60008AB}.Debug|Any CPU.Build.0 = Debug|Any CPU
		{8FC1F766-1F6F-49A0-86A2-EB41A60008AB}.Release|Any CPU.ActiveCfg = Release|Any CPU
		{8FC1F766-1F6F-49A0-86A2-EB41A60008AB}.Release|Any CPU.Build.0 = Release|Any CPU
		{5CCEF4CE-AC54-45BB-956D-593400B3185C}.Debug|Any CPU.ActiveCfg = Debug|Any CPU
		{5CCEF4CE-AC54-45BB-956D-593400B3185C}.Debug|Any CPU.Build.0 = Debug|Any CPU
		{5CCEF4CE-AC54-45BB-956D-593400B3185C}.Release|Any CPU.ActiveCfg = Release|Any CPU
		{5CCEF4CE-AC54-45BB-956D-593400B3185C}.Release|Any CPU.Build.0 = Release|Any CPU
		{3CAA821A-48C9-4A70-90AF-E6DD4FFCF7CE}.Debug|Any CPU.ActiveCfg = Debug|Any CPU
		{3CAA821A-48C9-4A70-90AF-E6DD4FFCF7CE}.Debug|Any CPU.Build.0 = Debug|Any CPU
		{3CAA821A-48C9-4A70-90AF-E6DD4FFCF7CE}.Release|Any CPU.ActiveCfg = Release|Any CPU
		{3CAA821A-48C9-4A70-90AF-E6DD4FFCF7CE}.Release|Any CPU.Build.0 = Release|Any CPU
		{41CAF106-DD92-497F-92C0-64B4546EB7E7}.Debug|Any CPU.ActiveCfg = Debug|Any CPU
		{41CAF106-DD92-497F-92C0-64B4546EB7E7}.Debug|Any CPU.Build.0 = Debug|Any CPU
		{41CAF106-DD92-497F-92C0-64B4546EB7E7}.Release|Any CPU.ActiveCfg = Release|Any CPU
		{41CAF106-DD92-497F-92C0-64B4546EB7E7}.Release|Any CPU.Build.0 = Release|Any CPU
		{3CC7DBAA-40DA-4F0E-AD52-B6A29C77C264}.Debug|Any CPU.ActiveCfg = Debug|Any CPU
		{3CC7DBAA-40DA-4F0E-AD52-B6A29C77C264}.Debug|Any CPU.Build.0 = Debug|Any CPU
		{3CC7DBAA-40DA-4F0E-AD52-B6A29C77C264}.Release|Any CPU.ActiveCfg = Release|Any CPU
		{3CC7DBAA-40DA-4F0E-AD52-B6A29C77C264}.Release|Any CPU.Build.0 = Release|Any CPU
	EndGlobalSection
	GlobalSection(SolutionProperties) = preSolution
		HideSolutionNode = FALSE
	EndGlobalSection
	GlobalSection(NestedProjects) = preSolution
		{2B7971A3-B1F7-41F1-8AB3-7801A84E80EC} = {B153B779-B651-44B8-9D4F-DB055EE5EB37}
		{1491C74D-6044-4F50-867E-663DC9D5BF6C} = {2B7971A3-B1F7-41F1-8AB3-7801A84E80EC}
		{2B2909C5-812E-46E6-9672-13FCA2EE3EB9} = {2B7971A3-B1F7-41F1-8AB3-7801A84E80EC}
		{F8C5F0FC-9FC0-452C-A9A7-442233717A5C} = {2B7971A3-B1F7-41F1-8AB3-7801A84E80EC}
		{19BD5795-820A-402E-8AF2-933837FD360A} = {2B7971A3-B1F7-41F1-8AB3-7801A84E80EC}
		{347E026F-C02D-4802-935C-CDE4D63C8CCA} = {B153B779-B651-44B8-9D4F-DB055EE5EB37}
		{349815BA-6611-4763-B95B-81C31D3794C2} = {347E026F-C02D-4802-935C-CDE4D63C8CCA}
		{43671DD6-5E9C-4E21-8D2F-02C96E953D43} = {347E026F-C02D-4802-935C-CDE4D63C8CCA}
		{2B942FCB-1166-4439-BECC-F15E21F4F8E0} = {347E026F-C02D-4802-935C-CDE4D63C8CCA}
		{8FC1F766-1F6F-49A0-86A2-EB41A60008AB} = {347E026F-C02D-4802-935C-CDE4D63C8CCA}
		{CDDF3245-1B80-45B1-89DA-3509FDA242AB} = {B153B779-B651-44B8-9D4F-DB055EE5EB37}
		{5CCEF4CE-AC54-45BB-956D-593400B3185C} = {CDDF3245-1B80-45B1-89DA-3509FDA242AB}
		{3CAA821A-48C9-4A70-90AF-E6DD4FFCF7CE} = {CDDF3245-1B80-45B1-89DA-3509FDA242AB}
		{41CAF106-DD92-497F-92C0-64B4546EB7E7} = {CDDF3245-1B80-45B1-89DA-3509FDA242AB}
		{3CC7DBAA-40DA-4F0E-AD52-B6A29C77C264} = {CDDF3245-1B80-45B1-89DA-3509FDA242AB}
	EndGlobalSection
	GlobalSection(ExtensibilityGlobals) = postSolution
		SolutionGuid = {003A37A9-B1C6-4EF6-AB2A-E5DBC2789130}
	EndGlobalSection
EndGlobal
